
Microsoft Visual Studio Solution File, Format Version 12.00
# Visual Studio Version 16
VisualStudioVersion = 16.0.31205.134
MinimumVisualStudioVersion = 10.0.40219.1
Project("{F184B08F-C81C-45F6-A57F-5ABD9991F28F}") = "2022_12SDD01_LAURENCERT_PROJ3", "2022_12SDD01_LAURENCERT_PROJ3\2022_12SDD01_LAURENCERT_PROJ3.vbproj", "{72F593EE-A796-4D4C-806A-248062FA75F4}"
EndProject
Global
	GlobalSection(SolutionConfigurationPlatforms) = preSolution
		Debug|Any CPU = Debug|Any CPU
		Release|Any CPU = Release|Any CPU
	EndGlobalSection
	GlobalSection(ProjectConfigurationPlatforms) = postSolution
		{72F593EE-A796-4D4C-806A-248062FA75F4}.Debug|Any CPU.ActiveCfg = Debug|Any CPU
		{72F593EE-A796-4D4C-806A-248062FA75F4}.Debug|Any CPU.Build.0 = Debug|Any CPU
		{72F593EE-A796-4D4C-806A-248062FA75F4}.Release|Any CPU.ActiveCfg = Release|Any CPU
		{72F593EE-A796-4D4C-806A-248062FA75F4}.Release|Any CPU.Build.0 = Release|Any CPU
	EndGlobalSection
	GlobalSection(SolutionProperties) = preSolution
		HideSolutionNode = FALSE
	EndGlobalSection
	GlobalSection(ExtensibilityGlobals) = postSolution
		SolutionGuid = {C5AA5A64-6CAC-41E8-A35A-5B294E06320C}
	EndGlobalSection
EndGlobal
